// !$*UTF8*$!
{
	archiveVersion = 1;
	classes = {
	};
	objectVersion = 56;
	objects = {

/* Begin PBXBuildFile section */
		BFD570D02C9C09EE00D57ABC /* BeachViewModel.swift in Sources */ = {isa = PBXBuildFile; fileRef = BFD570CF2C9C09EE00D57ABC /* BeachViewModel.swift */; };
		BFD570D22C9D65E200D57ABC /* NetworkManager.swift in Sources */ = {isa = PBXBuildFile; fileRef = BFD570D12C9D65E200D57ABC /* NetworkManager.swift */; };
		BFD570D42C9E591800D57ABC /* CustomWKWebView.swift in Sources */ = {isa = PBXBuildFile; fileRef = BFD570D32C9E591800D57ABC /* CustomWKWebView.swift */; };
		BFED108E2C9426A700A9DFBF /* SeeSeaApp.swift in Sources */ = {isa = PBXBuildFile; fileRef = BFED108D2C9426A700A9DFBF /* SeeSeaApp.swift */; };
		BFED10902C9426A700A9DFBF /* ContentView.swift in Sources */ = {isa = PBXBuildFile; fileRef = BFED108F2C9426A700A9DFBF /* ContentView.swift */; };
		BFED10922C9426A800A9DFBF /* Assets.xcassets in Resources */ = {isa = PBXBuildFile; fileRef = BFED10912C9426A800A9DFBF /* Assets.xcassets */; };
		BFED10952C9426A800A9DFBF /* Preview Assets.xcassets in Resources */ = {isa = PBXBuildFile; fileRef = BFED10942C9426A800A9DFBF /* Preview Assets.xcassets */; };
		BFED109C2C97265500A9DFBF /* WebCamView.swift in Sources */ = {isa = PBXBuildFile; fileRef = BFED109B2C97265500A9DFBF /* WebCamView.swift */; };
		BFED109E2C9726A500A9DFBF /* WaveForecastView.swift in Sources */ = {isa = PBXBuildFile; fileRef = BFED109D2C9726A500A9DFBF /* WaveForecastView.swift */; };
		BFED10A22C9808DA00A9DFBF /* .gitignore in Resources */ = {isa = PBXBuildFile; fileRef = BFED10A12C9808DA00A9DFBF /* .gitignore */; };
		BFED10A42C9808F400A9DFBF /* APIKey.swift in Sources */ = {isa = PBXBuildFile; fileRef = BFED10A32C9808F400A9DFBF /* APIKey.swift */; };
		BFED10A72C980C2F00A9DFBF /* Junios.NMapSDKForSPM in Frameworks */ = {isa = PBXBuildFile; productRef = BFED10A62C980C2F00A9DFBF /* Junios.NMapSDKForSPM */; };
		BFED10AA2C98232A00A9DFBF /* MapView.swift in Sources */ = {isa = PBXBuildFile; fileRef = BFED10A92C98232A00A9DFBF /* MapView.swift */; };
		BFED10AC2C98240800A9DFBF /* Coordinator.swift in Sources */ = {isa = PBXBuildFile; fileRef = BFED10AB2C98240700A9DFBF /* Coordinator.swift */; };
		BFED10AF2C9A9E6D00A9DFBF /* Launch Screen.storyboard in Resources */ = {isa = PBXBuildFile; fileRef = BFED10AE2C9A9E6D00A9DFBF /* Launch Screen.storyboard */; };
		BFED10B12C9AADF500A9DFBF /* Locations.swift in Sources */ = {isa = PBXBuildFile; fileRef = BFED10B02C9AADF500A9DFBF /* Locations.swift */; };
/* End PBXBuildFile section */

/* Begin PBXFileReference section */
		BFD570CF2C9C09EE00D57ABC /* BeachViewModel.swift */ = {isa = PBXFileReference; lastKnownFileType = sourcecode.swift; path = BeachViewModel.swift; sourceTree = "<group>"; };
		BFD570D12C9D65E200D57ABC /* NetworkManager.swift */ = {isa = PBXFileReference; lastKnownFileType = sourcecode.swift; path = NetworkManager.swift; sourceTree = "<group>"; };
		BFD570D32C9E591800D57ABC /* CustomWKWebView.swift */ = {isa = PBXFileReference; lastKnownFileType = sourcecode.swift; path = CustomWKWebView.swift; sourceTree = "<group>"; };
		BFED108A2C9426A700A9DFBF /* SeeSea.app */ = {isa = PBXFileReference; explicitFileType = wrapper.application; includeInIndex = 0; path = SeeSea.app; sourceTree = BUILT_PRODUCTS_DIR; };
		BFED108D2C9426A700A9DFBF /* SeeSeaApp.swift */ = {isa = PBXFileReference; lastKnownFileType = sourcecode.swift; path = SeeSeaApp.swift; sourceTree = "<group>"; };
		BFED108F2C9426A700A9DFBF /* ContentView.swift */ = {isa = PBXFileReference; lastKnownFileType = sourcecode.swift; path = ContentView.swift; sourceTree = "<group>"; };
		BFED10912C9426A800A9DFBF /* Assets.xcassets */ = {isa = PBXFileReference; lastKnownFileType = folder.assetcatalog; path = Assets.xcassets; sourceTree = "<group>"; };
		BFED10942C9426A800A9DFBF /* Preview Assets.xcassets */ = {isa = PBXFileReference; lastKnownFileType = folder.assetcatalog; path = "Preview Assets.xcassets"; sourceTree = "<group>"; };
		BFED109B2C97265500A9DFBF /* WebCamView.swift */ = {isa = PBXFileReference; lastKnownFileType = sourcecode.swift; path = WebCamView.swift; sourceTree = "<group>"; };
		BFED109D2C9726A500A9DFBF /* WaveForecastView.swift */ = {isa = PBXFileReference; lastKnownFileType = sourcecode.swift; path = WaveForecastView.swift; sourceTree = "<group>"; };
		BFED10A12C9808DA00A9DFBF /* .gitignore */ = {isa = PBXFileReference; lastKnownFileType = text; path = .gitignore; sourceTree = "<group>"; };
		BFED10A32C9808F400A9DFBF /* APIKey.swift */ = {isa = PBXFileReference; lastKnownFileType = sourcecode.swift; path = APIKey.swift; sourceTree = "<group>"; };
		BFED10A82C9810FE00A9DFBF /* Info.plist */ = {isa = PBXFileReference; lastKnownFileType = text.plist; path = Info.plist; sourceTree = "<group>"; };
		BFED10A92C98232A00A9DFBF /* MapView.swift */ = {isa = PBXFileReference; lastKnownFileType = sourcecode.swift; path = MapView.swift; sourceTree = "<group>"; };
		BFED10AB2C98240700A9DFBF /* Coordinator.swift */ = {isa = PBXFileReference; lastKnownFileType = sourcecode.swift; path = Coordinator.swift; sourceTree = "<group>"; };
		BFED10AD2C99979C00A9DFBF /* Config.xcconfig */ = {isa = PBXFileReference; lastKnownFileType = text.xcconfig; path = Config.xcconfig; sourceTree = "<group>"; };
		BFED10AE2C9A9E6D00A9DFBF /* Launch Screen.storyboard */ = {isa = PBXFileReference; lastKnownFileType = file.storyboard; path = "Launch Screen.storyboard"; sourceTree = "<group>"; };
		BFED10B02C9AADF500A9DFBF /* Locations.swift */ = {isa = PBXFileReference; lastKnownFileType = sourcecode.swift; path = Locations.swift; sourceTree = "<group>"; };
/* End PBXFileReference section */

/* Begin PBXFrameworksBuildPhase section */
		BFED10872C9426A700A9DFBF /* Frameworks */ = {
			isa = PBXFrameworksBuildPhase;
			buildActionMask = 2147483647;
			files = (
				BFED10A72C980C2F00A9DFBF /* Junios.NMapSDKForSPM in Frameworks */,
			);
			runOnlyForDeploymentPostprocessing = 0;
		};
/* End PBXFrameworksBuildPhase section */

/* Begin PBXGroup section */
		BFED10812C9426A700A9DFBF = {
			isa = PBXGroup;
			children = (
				BFED108C2C9426A700A9DFBF /* SeeSea */,
				BFED108B2C9426A700A9DFBF /* Products */,
			);
			sourceTree = "<group>";
		};
		BFED108B2C9426A700A9DFBF /* Products */ = {
			isa = PBXGroup;
			children = (
				BFED108A2C9426A700A9DFBF /* SeeSea.app */,
			);
			name = Products;
			sourceTree = "<group>";
		};
		BFED108C2C9426A700A9DFBF /* SeeSea */ = {
			isa = PBXGroup;
			children = (
				BFED10A82C9810FE00A9DFBF /* Info.plist */,
				BFED108D2C9426A700A9DFBF /* SeeSeaApp.swift */,
				BFED108F2C9426A700A9DFBF /* ContentView.swift */,
				BFED10912C9426A800A9DFBF /* Assets.xcassets */,
				BFED10932C9426A800A9DFBF /* Preview Content */,
				BFED109B2C97265500A9DFBF /* WebCamView.swift */,
				BFED109D2C9726A500A9DFBF /* WaveForecastView.swift */,
				BFED10A12C9808DA00A9DFBF /* .gitignore */,
				BFED10A32C9808F400A9DFBF /* APIKey.swift */,
				BFED10A92C98232A00A9DFBF /* MapView.swift */,
				BFED10AB2C98240700A9DFBF /* Coordinator.swift */,
				BFED10AD2C99979C00A9DFBF /* Config.xcconfig */,
				BFED10AE2C9A9E6D00A9DFBF /* Launch Screen.storyboard */,
				BFED10B02C9AADF500A9DFBF /* Locations.swift */,
				BFD570CF2C9C09EE00D57ABC /* BeachViewModel.swift */,
				BFD570D12C9D65E200D57ABC /* NetworkManager.swift */,
				BFD570D32C9E591800D57ABC /* CustomWKWebView.swift */,
			);
			path = SeeSea;
			sourceTree = "<group>";
		};
		BFED10932C9426A800A9DFBF /* Preview Content */ = {
			isa = PBXGroup;
			children = (
				BFED10942C9426A800A9DFBF /* Preview Assets.xcassets */,
			);
			path = "Preview Content";
			sourceTree = "<group>";
		};
/* End PBXGroup section */

/* Begin PBXNativeTarget section */
		BFED10892C9426A700A9DFBF /* SeeSea */ = {
			isa = PBXNativeTarget;
			buildConfigurationList = BFED10982C9426A800A9DFBF /* Build configuration list for PBXNativeTarget "SeeSea" */;
			buildPhases = (
				BFED10862C9426A700A9DFBF /* Sources */,
				BFED10872C9426A700A9DFBF /* Frameworks */,
				BFED10882C9426A700A9DFBF /* Resources */,
			);
			buildRules = (
			);
			dependencies = (
			);
			name = SeeSea;
			packageProductDependencies = (
				BFED10A62C980C2F00A9DFBF /* Junios.NMapSDKForSPM */,
			);
			productName = SeeSea;
			productReference = BFED108A2C9426A700A9DFBF /* SeeSea.app */;
			productType = "com.apple.product-type.application";
		};
/* End PBXNativeTarget section */

/* Begin PBXProject section */
		BFED10822C9426A700A9DFBF /* Project object */ = {
			isa = PBXProject;
			attributes = {
				BuildIndependentTargetsInParallel = 1;
				LastSwiftUpdateCheck = 1530;
				LastUpgradeCheck = 1530;
				TargetAttributes = {
					BFED10892C9426A700A9DFBF = {
						CreatedOnToolsVersion = 15.3;
					};
				};
			};
			buildConfigurationList = BFED10852C9426A700A9DFBF /* Build configuration list for PBXProject "SeeSea" */;
			compatibilityVersion = "Xcode 14.0";
			developmentRegion = en;
			hasScannedForEncodings = 0;
			knownRegions = (
				en,
				Base,
			);
			mainGroup = BFED10812C9426A700A9DFBF;
			packageReferences = (
				BFED10A52C980C2F00A9DFBF /* XCRemoteSwiftPackageReference "NaverMapSDKForSPM" */,
			);
			productRefGroup = BFED108B2C9426A700A9DFBF /* Products */;
			projectDirPath = "";
			projectRoot = "";
			targets = (
				BFED10892C9426A700A9DFBF /* SeeSea */,
			);
		};
/* End PBXProject section */

/* Begin PBXResourcesBuildPhase section */
		BFED10882C9426A700A9DFBF /* Resources */ = {
			isa = PBXResourcesBuildPhase;
			buildActionMask = 2147483647;
			files = (
				BFED10952C9426A800A9DFBF /* Preview Assets.xcassets in Resources */,
				BFED10A22C9808DA00A9DFBF /* .gitignore in Resources */,
				BFED10AF2C9A9E6D00A9DFBF /* Launch Screen.storyboard in Resources */,
				BFED10922C9426A800A9DFBF /* Assets.xcassets in Resources */,
			);
			runOnlyForDeploymentPostprocessing = 0;
		};
/* End PBXResourcesBuildPhase section */

/* Begin PBXSourcesBuildPhase section */
		BFED10862C9426A700A9DFBF /* Sources */ = {
			isa = PBXSourcesBuildPhase;
			buildActionMask = 2147483647;
			files = (
				BFED10902C9426A700A9DFBF /* ContentView.swift in Sources */,
				BFD570D02C9C09EE00D57ABC /* BeachViewModel.swift in Sources */,
				BFD570D22C9D65E200D57ABC /* NetworkManager.swift in Sources */,
				BFED10AA2C98232A00A9DFBF /* MapView.swift in Sources */,
				BFED108E2C9426A700A9DFBF /* SeeSeaApp.swift in Sources */,
				BFED109E2C9726A500A9DFBF /* WaveForecastView.swift in Sources */,
				BFED109C2C97265500A9DFBF /* WebCamView.swift in Sources */,
				BFED10A42C9808F400A9DFBF /* APIKey.swift in Sources */,
				BFED10B12C9AADF500A9DFBF /* Locations.swift in Sources */,
				BFED10AC2C98240800A9DFBF /* Coordinator.swift in Sources */,
				BFD570D42C9E591800D57ABC /* CustomWKWebView.swift in Sources */,
			);
			runOnlyForDeploymentPostprocessing = 0;
		};
/* End PBXSourcesBuildPhase section */

/* Begin XCBuildConfiguration section */
		BFED10962C9426A800A9DFBF /* Debug */ = {
			isa = XCBuildConfiguration;
			buildSettings = {
				ALWAYS_SEARCH_USER_PATHS = NO;
				ASSETCATALOG_COMPILER_GENERATE_SWIFT_ASSET_SYMBOL_EXTENSIONS = YES;
				CLANG_ANALYZER_NONNULL = YES;
				CLANG_ANALYZER_NUMBER_OBJECT_CONVERSION = YES_AGGRESSIVE;
				CLANG_CXX_LANGUAGE_STANDARD = "gnu++20";
				CLANG_ENABLE_MODULES = YES;
				CLANG_ENABLE_OBJC_ARC = YES;
				CLANG_ENABLE_OBJC_WEAK = YES;
				CLANG_WARN_BLOCK_CAPTURE_AUTORELEASING = YES;
				CLANG_WARN_BOOL_CONVERSION = YES;
				CLANG_WARN_COMMA = YES;
				CLANG_WARN_CONSTANT_CONVERSION = YES;
				CLANG_WARN_DEPRECATED_OBJC_IMPLEMENTATIONS = YES;
				CLANG_WARN_DIRECT_OBJC_ISA_USAGE = YES_ERROR;
				CLANG_WARN_DOCUMENTATION_COMMENTS = YES;
				CLANG_WARN_EMPTY_BODY = YES;
				CLANG_WARN_ENUM_CONVERSION = YES;
				CLANG_WARN_INFINITE_RECURSION = YES;
				CLANG_WARN_INT_CONVERSION = YES;
				CLANG_WARN_NON_LITERAL_NULL_CONVERSION = YES;
				CLANG_WARN_OBJC_IMPLICIT_RETAIN_SELF = YES;
				CLANG_WARN_OBJC_LITERAL_CONVERSION = YES;
				CLANG_WARN_OBJC_ROOT_CLASS = YES_ERROR;
				CLANG_WARN_QUOTED_INCLUDE_IN_FRAMEWORK_HEADER = YES;
				CLANG_WARN_RANGE_LOOP_ANALYSIS = YES;
				CLANG_WARN_STRICT_PROTOTYPES = YES;
				CLANG_WARN_SUSPICIOUS_MOVE = YES;
				CLANG_WARN_UNGUARDED_AVAILABILITY = YES_AGGRESSIVE;
				CLANG_WARN_UNREACHABLE_CODE = YES;
				CLANG_WARN__DUPLICATE_METHOD_MATCH = YES;
				COPY_PHASE_STRIP = NO;
				DEBUG_INFORMATION_FORMAT = dwarf;
				ENABLE_STRICT_OBJC_MSGSEND = YES;
				ENABLE_TESTABILITY = YES;
				ENABLE_USER_SCRIPT_SANDBOXING = NO;
				GCC_C_LANGUAGE_STANDARD = gnu17;
				GCC_DYNAMIC_NO_PIC = NO;
				GCC_NO_COMMON_BLOCKS = YES;
				GCC_OPTIMIZATION_LEVEL = 0;
				GCC_PREPROCESSOR_DEFINITIONS = (
					"DEBUG=1",
					"$(inherited)",
				);
				GCC_WARN_64_TO_32_BIT_CONVERSION = YES;
				GCC_WARN_ABOUT_RETURN_TYPE = YES_ERROR;
				GCC_WARN_UNDECLARED_SELECTOR = YES;
				GCC_WARN_UNINITIALIZED_AUTOS = YES_AGGRESSIVE;
				GCC_WARN_UNUSED_FUNCTION = YES;
				GCC_WARN_UNUSED_VARIABLE = YES;
				IPHONEOS_DEPLOYMENT_TARGET = 16;
				LOCALIZATION_PREFERS_STRING_CATALOGS = YES;
				MTL_ENABLE_DEBUG_INFO = INCLUDE_SOURCE;
				MTL_FAST_MATH = YES;
				ONLY_ACTIVE_ARCH = YES;
				SDKROOT = iphoneos;
				SWIFT_ACTIVE_COMPILATION_CONDITIONS = "DEBUG $(inherited)";
				SWIFT_OPTIMIZATION_LEVEL = "-Onone";
			};
			name = Debug;
		};
		BFED10972C9426A800A9DFBF /* Release */ = {
			isa = XCBuildConfiguration;
			buildSettings = {
				ALWAYS_SEARCH_USER_PATHS = NO;
				ASSETCATALOG_COMPILER_GENERATE_SWIFT_ASSET_SYMBOL_EXTENSIONS = YES;
				CLANG_ANALYZER_NONNULL = YES;
				CLANG_ANALYZER_NUMBER_OBJECT_CONVERSION = YES_AGGRESSIVE;
				CLANG_CXX_LANGUAGE_STANDARD = "gnu++20";
				CLANG_ENABLE_MODULES = YES;
				CLANG_ENABLE_OBJC_ARC = YES;
				CLANG_ENABLE_OBJC_WEAK = YES;
				CLANG_WARN_BLOCK_CAPTURE_AUTORELEASING = YES;
				CLANG_WARN_BOOL_CONVERSION = YES;
				CLANG_WARN_COMMA = YES;
				CLANG_WARN_CONSTANT_CONVERSION = YES;
				CLANG_WARN_DEPRECATED_OBJC_IMPLEMENTATIONS = YES;
				CLANG_WARN_DIRECT_OBJC_ISA_USAGE = YES_ERROR;
				CLANG_WARN_DOCUMENTATION_COMMENTS = YES;
				CLANG_WARN_EMPTY_BODY = YES;
				CLANG_WARN_ENUM_CONVERSION = YES;
				CLANG_WARN_INFINITE_RECURSION = YES;
				CLANG_WARN_INT_CONVERSION = YES;
				CLANG_WARN_NON_LITERAL_NULL_CONVERSION = YES;
				CLANG_WARN_OBJC_IMPLICIT_RETAIN_SELF = YES;
				CLANG_WARN_OBJC_LITERAL_CONVERSION = YES;
				CLANG_WARN_OBJC_ROOT_CLASS = YES_ERROR;
				CLANG_WARN_QUOTED_INCLUDE_IN_FRAMEWORK_HEADER = YES;
				CLANG_WARN_RANGE_LOOP_ANALYSIS = YES;
				CLANG_WARN_STRICT_PROTOTYPES = YES;
				CLANG_WARN_SUSPICIOUS_MOVE = YES;
				CLANG_WARN_UNGUARDED_AVAILABILITY = YES_AGGRESSIVE;
				CLANG_WARN_UNREACHABLE_CODE = YES;
				CLANG_WARN__DUPLICATE_METHOD_MATCH = YES;
				COPY_PHASE_STRIP = NO;
				DEBUG_INFORMATION_FORMAT = "dwarf-with-dsym";
				ENABLE_NS_ASSERTIONS = NO;
				ENABLE_STRICT_OBJC_MSGSEND = YES;
				ENABLE_USER_SCRIPT_SANDBOXING = NO;
				GCC_C_LANGUAGE_STANDARD = gnu17;
				GCC_NO_COMMON_BLOCKS = YES;
				GCC_WARN_64_TO_32_BIT_CONVERSION = YES;
				GCC_WARN_ABOUT_RETURN_TYPE = YES_ERROR;
				GCC_WARN_UNDECLARED_SELECTOR = YES;
				GCC_WARN_UNINITIALIZED_AUTOS = YES_AGGRESSIVE;
				GCC_WARN_UNUSED_FUNCTION = YES;
				GCC_WARN_UNUSED_VARIABLE = YES;
				IPHONEOS_DEPLOYMENT_TARGET = 16;
				LOCALIZATION_PREFERS_STRING_CATALOGS = YES;
				MTL_ENABLE_DEBUG_INFO = NO;
				MTL_FAST_MATH = YES;
				SDKROOT = iphoneos;
				SWIFT_COMPILATION_MODE = wholemodule;
				VALIDATE_PRODUCT = YES;
			};
			name = Release;
		};
		BFED10992C9426A800A9DFBF /* Debug */ = {
			isa = XCBuildConfiguration;
			buildSettings = {
				ASSETCATALOG_COMPILER_APPICON_NAME = AppIcon;
				ASSETCATALOG_COMPILER_GLOBAL_ACCENT_COLOR_NAME = AccentColor;
				CODE_SIGN_STYLE = Automatic;
				CURRENT_PROJECT_VERSION = 1;
				DEVELOPMENT_ASSET_PATHS = "\"SeeSea/Preview Content\"";
				DEVELOPMENT_TEAM = N727744RT8;
				ENABLE_PREVIEWS = YES;
				GENERATE_INFOPLIST_FILE = YES;
				INFOPLIST_FILE = SeeSea/Info.plist;
				INFOPLIST_KEY_NSLocationAlwaysAndWhenInUseUsageDescription = "\"\"해당 앱은 플레이스 정보 및 사용자의 정보를 사용하기 위해 권한이 필요합니다.\"";
				INFOPLIST_KEY_NSLocationAlwaysUsageDescription = true;
				INFOPLIST_KEY_NSLocationWhenInUseUsageDescription = "\"해당 앱은 플레이스 정보 및 사용자의 정보를 사용하기 위해 권한이 필요합니다.\"";
				INFOPLIST_KEY_UIApplicationSceneManifest_Generation = YES;
				INFOPLIST_KEY_UIApplicationSupportsIndirectInputEvents = YES;
				INFOPLIST_KEY_UILaunchScreen_Generation = YES;
				INFOPLIST_KEY_UILaunchStoryboardName = "Launch Screen.storyboard";
				INFOPLIST_KEY_UISupportedInterfaceOrientations = UIInterfaceOrientationPortrait;
				IPHONEOS_DEPLOYMENT_TARGET = 17;
				LD_RUNPATH_SEARCH_PATHS = (
					"$(inherited)",
					"@executable_path/Frameworks",
				);
				MARKETING_VERSION = 1.0;
				PRODUCT_BUNDLE_IDENTIFIER = com.jimmy.SeeSea;
				PRODUCT_NAME = "$(TARGET_NAME)";
				SWIFT_EMIT_LOC_STRINGS = YES;
				SWIFT_VERSION = 5.0;
				TARGETED_DEVICE_FAMILY = "1,2";
			};
			name = Debug;
		};
		BFED109A2C9426A800A9DFBF /* Release */ = {
			isa = XCBuildConfiguration;
			buildSettings = {
				ASSETCATALOG_COMPILER_APPICON_NAME = AppIcon;
				ASSETCATALOG_COMPILER_GLOBAL_ACCENT_COLOR_NAME = AccentColor;
				CODE_SIGN_STYLE = Automatic;
				CURRENT_PROJECT_VERSION = 1;
				DEVELOPMENT_ASSET_PATHS = "\"SeeSea/Preview Content\"";
				DEVELOPMENT_TEAM = N727744RT8;
				ENABLE_PREVIEWS = YES;
				GENERATE_INFOPLIST_FILE = YES;
				INFOPLIST_FILE = SeeSea/Info.plist;
				INFOPLIST_KEY_NSLocationAlwaysAndWhenInUseUsageDescription = "\"\"해당 앱은 플레이스 정보 및 사용자의 정보를 사용하기 위해 권한이 필요합니다.\"";
				INFOPLIST_KEY_NSLocationAlwaysUsageDescription = true;
				INFOPLIST_KEY_NSLocationWhenInUseUsageDescription = "\"해당 앱은 플레이스 정보 및 사용자의 정보를 사용하기 위해 권한이 필요합니다.\"";
				INFOPLIST_KEY_UIApplicationSceneManifest_Generation = YES;
				INFOPLIST_KEY_UIApplicationSupportsIndirectInputEvents = YES;
				INFOPLIST_KEY_UILaunchScreen_Generation = YES;
				INFOPLIST_KEY_UILaunchStoryboardName = "Launch Screen.storyboard";
				INFOPLIST_KEY_UISupportedInterfaceOrientations = UIInterfaceOrientationPortrait;
				IPHONEOS_DEPLOYMENT_TARGET = 17;
				LD_RUNPATH_SEARCH_PATHS = (
					"$(inherited)",
					"@executable_path/Frameworks",
				);
				MARKETING_VERSION = 1.0;
				PRODUCT_BUNDLE_IDENTIFIER = com.jimmy.SeeSea;
				PRODUCT_NAME = "$(TARGET_NAME)";
				SWIFT_EMIT_LOC_STRINGS = YES;
				SWIFT_VERSION = 5.0;
				TARGETED_DEVICE_FAMILY = "1,2";
			};
			name = Release;
		};
/* End XCBuildConfiguration section */

/* Begin XCConfigurationList section */
		BFED10852C9426A700A9DFBF /* Build configuration list for PBXProject "SeeSea" */ = {
			isa = XCConfigurationList;
			buildConfigurations = (
				BFED10962C9426A800A9DFBF /* Debug */,
				BFED10972C9426A800A9DFBF /* Release */,
			);
			defaultConfigurationIsVisible = 0;
			defaultConfigurationName = Release;
		};
		BFED10982C9426A800A9DFBF /* Build configuration list for PBXNativeTarget "SeeSea" */ = {
			isa = XCConfigurationList;
			buildConfigurations = (
				BFED10992C9426A800A9DFBF /* Debug */,
				BFED109A2C9426A800A9DFBF /* Release */,
			);
			defaultConfigurationIsVisible = 0;
			defaultConfigurationName = Release;
		};
/* End XCConfigurationList section */

/* Begin XCRemoteSwiftPackageReference section */
		BFED10A52C980C2F00A9DFBF /* XCRemoteSwiftPackageReference "NaverMapSDKForSPM" */ = {
			isa = XCRemoteSwiftPackageReference;
			repositoryURL = "https://github.com/J0onYEong/NaverMapSDKForSPM.git";
			requirement = {
				kind = exactVersion;
				version = 1.0.0;
			};
		};
/* End XCRemoteSwiftPackageReference section */

/* Begin XCSwiftPackageProductDependency section */
		BFED10A62C980C2F00A9DFBF /* Junios.NMapSDKForSPM */ = {
			isa = XCSwiftPackageProductDependency;
			package = BFED10A52C980C2F00A9DFBF /* XCRemoteSwiftPackageReference "NaverMapSDKForSPM" */;
			productName = Junios.NMapSDKForSPM;
		};
/* End XCSwiftPackageProductDependency section */
	};
	rootObject = BFED10822C9426A700A9DFBF /* Project object */;
}
